
Microsoft Visual Studio Solution File, Format Version 12.00
# Visual Studio Version 17
VisualStudioVersion = 17.7.34003.232
MinimumVisualStudioVersion = 10.0.40219.1
Project("{FAE04EC0-301F-11D3-BF4B-00C04F79EFBC}") = "prjImageEdit", "prjImageEdit\prjImageEdit.csproj", "{A41DB4F8-AB3B-4F3B-A63D-1879C747A366}"
EndProject
Global
	GlobalSection(SolutionConfigurationPlatforms) = preSolution
		Debug|Any CPU = Debug|Any CPU
		Release|Any CPU = Release|Any CPU
	EndGlobalSection
	GlobalSection(ProjectConfigurationPlatforms) = postSolution
		{A41DB4F8-AB3B-4F3B-A63D-1879C747A366}.Debug|Any CPU.ActiveCfg = Debug|Any CPU
		{A41DB4F8-AB3B-4F3B-A63D-1879C747A366}.Debug|Any CPU.Build.0 = Debug|Any CPU
		{A41DB4F8-AB3B-4F3B-A63D-1879C747A366}.Release|Any CPU.ActiveCfg = Release|Any CPU
		{A41DB4F8-AB3B-4F3B-A63D-1879C747A366}.Release|Any CPU.Build.0 = Release|Any CPU
	EndGlobalSection
	GlobalSection(SolutionProperties) = preSolution
		HideSolutionNode = FALSE
	EndGlobalSection
	GlobalSection(ExtensibilityGlobals) = postSolution
		SolutionGuid = {D0889F21-90BF-4475-9B27-8AF1CAA36CF9}
	EndGlobalSection
EndGlobal
